
Microsoft Visual Studio Solution File, Format Version 12.00
# Visual Studio Version 16
VisualStudioVersion = 16.0.28803.352
MinimumVisualStudioVersion = 10.0.40219.1
Project("{FAE04EC0-301F-11D3-BF4B-00C04F79EFBC}") = "PruebaHolguin", "PruebaHolguin.csproj", "{77B4C460-88E6-4857-A59A-EDEDD13BA244}"
EndProject
Global
	GlobalSection(SolutionConfigurationPlatforms) = preSolution
		Debug|Any CPU = Debug|Any CPU
		Release|Any CPU = Release|Any CPU
	EndGlobalSection
	GlobalSection(ProjectConfigurationPlatforms) = postSolution
		{77B4C460-88E6-4857-A59A-EDEDD13BA244}.Debug|Any CPU.ActiveCfg = Debug|Any CPU
		{77B4C460-88E6-4857-A59A-EDEDD13BA244}.Debug|Any CPU.Build.0 = Debug|Any CPU
		{77B4C460-88E6-4857-A59A-EDEDD13BA244}.Release|Any CPU.ActiveCfg = Release|Any CPU
		{77B4C460-88E6-4857-A59A-EDEDD13BA244}.Release|Any CPU.Build.0 = Release|Any CPU
	EndGlobalSection
	GlobalSection(SolutionProperties) = preSolution
		HideSolutionNode = FALSE
	EndGlobalSection
	GlobalSection(ExtensibilityGlobals) = postSolution
		SolutionGuid = {0F532DAE-A249-4468-AFD1-D68D8B389A24}
	EndGlobalSection
EndGlobal
